<?xml version="1.0" encoding="utf-8"?>
<Project ToolsVersion="4.0" xmlns="http://schemas.microsoft.com/developer/msbuild/2003">
  <ItemGroup>
    <Filter Include="소스 파일">
      <UniqueIdentifier>{4FC737F1-C7A5-4376-A066-2A32D752A2FF}</UniqueIdentifier>
      <Extensions>cpp;c;cc;cxx;def;odl;idl;hpj;bat;asm;asmx</Extensions>
    </Filter>
    <Filter Include="헤더 파일">
      <UniqueIdentifier>{93995380-89BD-4b04-88EB-625FBE52EBFB}</UniqueIdentifier>
      <Extensions>h;hh;hpp;hxx;hm;inl;inc;ipp;xsd</Extensions>
    </Filter>
    <Filter Include="리소스 파일">
      <UniqueIdentifier>{67DA6AB6-F800-4c08-8B7A-83BB121AAD01}</UniqueIdentifier>
      <Extensions>rc;ico;cur;bmp;dlg;rc2;rct;bin;rgs;gif;jpg;jpeg;jpe;resx;tiff;tif;png;wav;mfcribbon-ms</Extensions>
    </Filter>
    <Filter Include="소스 파일\DirectX">
      <UniqueIdentifier>{be17c86e-66a5-4838-aa0d-19467493f124}</UniqueIdentifier>
    </Filter>
    <Filter Include="소스 파일\DirectX\Sources">
      <UniqueIdentifier>{6338f726-2514-42ec-ae78-8ea5215a6da1}</UniqueIdentifier>
    </Filter>
    <Filter Include="소스 파일\DirectX\Headers">
      <UniqueIdentifier>{7b132d7b-ab6c-4ff9-9a3c-e9192bf30e7b}</UniqueIdentifier>
    </Filter>
  </ItemGroup>
  <ItemGroup>
    <ClInclude Include="stdafx.h">
      <Filter>헤더 파일</Filter>
    </ClInclude>
    <ClInclude Include="targetver.h">
      <Filter>헤더 파일</Filter>
    </ClInclude>
    <ClInclude Include="GraphicRestore.h">
      <Filter>헤더 파일</Filter>
    </ClInclude>
    <ClInclude Include="ini.h">
      <Filter>헤더 파일</Filter>
    </ClInclude>
    <ClInclude Include="Main.h">
      <Filter>헤더 파일</Filter>
    </ClInclude>
    <ClInclude Include="Debug.h">
      <Filter>헤더 파일</Filter>
    </ClInclude>
    <ClInclude Include="Memory.h">
      <Filter>헤더 파일</Filter>
    </ClInclude>
    <ClInclude Include="Setting.h">
      <Filter>헤더 파일</Filter>
    </ClInclude>
    <ClInclude Include="HookSystem.h">
      <Filter>헤더 파일</Filter>
    </ClInclude>
    <ClInclude Include="FrameLimiter.h">
      <Filter>헤더 파일</Filter>
    </ClInclude>
    <ClInclude Include="TimerChecker.h">
      <Filter>헤더 파일</Filter>
    </ClInclude>
    <ClInclude Include="DirectX\CDirect3DHookManager.h">
      <Filter>소스 파일\DirectX\Headers</Filter>
    </ClInclude>
    <ClInclude Include="DirectX\CDirect3DHook9.h">
      <Filter>소스 파일\DirectX\Headers</Filter>
    </ClInclude>
    <ClInclude Include="DirectX\CProxyDirect3D9.h">
      <Filter>소스 파일\DirectX\Headers</Filter>
    </ClInclude>
    <ClInclude Include="DirectX\CProxyDirect3DDevice9.h">
      <Filter>소스 파일\DirectX\Headers</Filter>
    </ClInclude>
    <ClInclude Include="DirectX\CDirect3DEvents9.h">
      <Filter>소스 파일\DirectX\Headers</Filter>
    </ClInclude>
  </ItemGroup>
  <ItemGroup>
    <ClCompile Include="stdafx.cpp">
      <Filter>소스 파일</Filter>
    </ClCompile>
    <ClCompile Include="ini.cpp">
      <Filter>소스 파일</Filter>
    </ClCompile>
    <ClCompile Include="Main.cpp">
      <Filter>소스 파일</Filter>
    </ClCompile>
    <ClCompile Include="GraphicRestore.cpp">
      <Filter>소스 파일</Filter>
    </ClCompile>
    <ClCompile Include="Debug.cpp">
      <Filter>소스 파일</Filter>
    </ClCompile>
    <ClCompile Include="Memory.cpp">
      <Filter>소스 파일</Filter>
    </ClCompile>
    <ClCompile Include="Setting.cpp">
      <Filter>소스 파일</Filter>
    </ClCompile>
    <ClCompile Include="HookSystem.cpp">
      <Filter>소스 파일</Filter>
    </ClCompile>
    <ClCompile Include="FrameLimiter.cpp">
      <Filter>소스 파일</Filter>
    </ClCompile>
    <ClCompile Include="CrashFix.cpp">
      <Filter>소스 파일</Filter>
    </ClCompile>
    <ClCompile Include="DirectX\CDirect3DHookManager.cpp">
      <Filter>소스 파일\DirectX\Sources</Filter>
    </ClCompile>
    <ClCompile Include="DirectX\CDirect3DHook9.cpp">
      <Filter>소스 파일\DirectX\Sources</Filter>
    </ClCompile>
    <ClCompile Include="DirectX\CProxyDirect3D9.cpp">
      <Filter>소스 파일\DirectX\Sources</Filter>
    </ClCompile>
    <ClCompile Include="DirectX\CProxyDirect3DDevice9.cpp">
      <Filter>소스 파일\DirectX\Sources</Filter>
    </ClCompile>
    <ClCompile Include="DirectX\CDirect3DEvents9.cpp">
      <Filter>소스 파일\DirectX\Sources</Filter>
    </ClCompile>
  </ItemGroup>
  <ItemGroup>
    <None Include="..\.gitignore" />
  </ItemGroup>
</Project>